
Microsoft Visual Studio Solution File, Format Version 12.00
# Visual Studio Version 17
VisualStudioVersion = 17.0.31903.59
MinimumVisualStudioVersion = 10.0.40219.1
Project("{2150E333-8FDC-42A3-9474-1A3956D46DE8}") = "Solution Items", "Solution Items", "{D18B9AA1-3B36-42C4-BF21-94B5958A2920}"
	ProjectSection(SolutionItems) = preProject
		.editorconfig = .editorconfig
		.globalconfig = .globalconfig
		Directory.Build.props = Directory.Build.props
		Directory.Packages.props = Directory.Packages.props
	EndProjectSection
EndProject
Project("{2150E333-8FDC-42A3-9474-1A3956D46DE8}") = "src", "src", "{4E20C0E4-FDBB-495D-9D58-6C1C99BA8F7A}"
EndProject
Project("{FAE04EC0-301F-11D3-BF4B-00C04F79EFBC}") = "AdventOfCode2023.Puzzles", "src\AdventOfCode2023.Puzzles\AdventOfCode2023.Puzzles.csproj", "{67AF8DDA-4DFA-4FC1-B71E-52B9EE9C1BE3}"
EndProject
Project("{FAE04EC0-301F-11D3-BF4B-00C04F79EFBC}") = "AdventOfCode2023.App", "src\AdventOfCode2023.App\AdventOfCode2023.App.csproj", "{BB2F725B-79FA-437B-8CEB-2887D71298AA}"
EndProject
Project("{2150E333-8FDC-42A3-9474-1A3956D46DE8}") = "tests", "tests", "{E01F85E9-D4BB-4370-A116-1706EA067941}"
EndProject
Project("{FAE04EC0-301F-11D3-BF4B-00C04F79EFBC}") = "Tests.Puzzles", "tests\Tests.Puzzles\Tests.Puzzles.csproj", "{E05D6F19-AAF2-4A54-9EE4-5F4488ECDD90}"
EndProject
Project("{2150E333-8FDC-42A3-9474-1A3956D46DE8}") = "samples", "samples", "{800109EC-1C53-479F-9E66-5EDB0D009B0D}"
EndProject
Project("{FAE04EC0-301F-11D3-BF4B-00C04F79EFBC}") = "Samples.Playground", "samples\Samples.Playground\Samples.Playground.csproj", "{FEDB1C1A-5B3E-4F85-AF53-864E22BF7351}"
EndProject
Global
	GlobalSection(SolutionConfigurationPlatforms) = preSolution
		Debug|Any CPU = Debug|Any CPU
		Release|Any CPU = Release|Any CPU
	EndGlobalSection
	GlobalSection(SolutionProperties) = preSolution
		HideSolutionNode = FALSE
	EndGlobalSection
	GlobalSection(ProjectConfigurationPlatforms) = postSolution
		{67AF8DDA-4DFA-4FC1-B71E-52B9EE9C1BE3}.Debug|Any CPU.ActiveCfg = Debug|Any CPU
		{67AF8DDA-4DFA-4FC1-B71E-52B9EE9C1BE3}.Debug|Any CPU.Build.0 = Debug|Any CPU
		{67AF8DDA-4DFA-4FC1-B71E-52B9EE9C1BE3}.Release|Any CPU.ActiveCfg = Release|Any CPU
		{67AF8DDA-4DFA-4FC1-B71E-52B9EE9C1BE3}.Release|Any CPU.Build.0 = Release|Any CPU
		{BB2F725B-79FA-437B-8CEB-2887D71298AA}.Debug|Any CPU.ActiveCfg = Debug|Any CPU
		{BB2F725B-79FA-437B-8CEB-2887D71298AA}.Debug|Any CPU.Build.0 = Debug|Any CPU
		{BB2F725B-79FA-437B-8CEB-2887D71298AA}.Release|Any CPU.ActiveCfg = Release|Any CPU
		{BB2F725B-79FA-437B-8CEB-2887D71298AA}.Release|Any CPU.Build.0 = Release|Any CPU
		{E05D6F19-AAF2-4A54-9EE4-5F4488ECDD90}.Debug|Any CPU.ActiveCfg = Debug|Any CPU
		{E05D6F19-AAF2-4A54-9EE4-5F4488ECDD90}.Debug|Any CPU.Build.0 = Debug|Any CPU
		{E05D6F19-AAF2-4A54-9EE4-5F4488ECDD90}.Release|Any CPU.ActiveCfg = Release|Any CPU
		{E05D6F19-AAF2-4A54-9EE4-5F4488ECDD90}.Release|Any CPU.Build.0 = Release|Any CPU
		{FEDB1C1A-5B3E-4F85-AF53-864E22BF7351}.Debug|Any CPU.ActiveCfg = Debug|Any CPU
		{FEDB1C1A-5B3E-4F85-AF53-864E22BF7351}.Debug|Any CPU.Build.0 = Debug|Any CPU
		{FEDB1C1A-5B3E-4F85-AF53-864E22BF7351}.Release|Any CPU.ActiveCfg = Release|Any CPU
		{FEDB1C1A-5B3E-4F85-AF53-864E22BF7351}.Release|Any CPU.Build.0 = Release|Any CPU
	EndGlobalSection
	GlobalSection(NestedProjects) = preSolution
		{67AF8DDA-4DFA-4FC1-B71E-52B9EE9C1BE3} = {4E20C0E4-FDBB-495D-9D58-6C1C99BA8F7A}
		{BB2F725B-79FA-437B-8CEB-2887D71298AA} = {4E20C0E4-FDBB-495D-9D58-6C1C99BA8F7A}
		{E05D6F19-AAF2-4A54-9EE4-5F4488ECDD90} = {E01F85E9-D4BB-4370-A116-1706EA067941}
		{FEDB1C1A-5B3E-4F85-AF53-864E22BF7351} = {800109EC-1C53-479F-9E66-5EDB0D009B0D}
	EndGlobalSection
EndGlobal
